
Microsoft Visual Studio Solution File, Format Version 12.00
# Visual Studio 15
VisualStudioVersion = 15.0.27130.2036
MinimumVisualStudioVersion = 10.0.40219.1
Project("{FAE04EC0-301F-11D3-BF4B-00C04F79EFBC}") = "WpfApp3", "WpfApp3\WpfApp3.csproj", "{564118F2-1371-4AE2-8DC2-3E329F3B93F9}"
EndProject
Project("{FAE04EC0-301F-11D3-BF4B-00C04F79EFBC}") = "UnitTestProject1", "UnitTestProject1\UnitTestProject1.csproj", "{F9AF2882-5445-400C-BE68-401C8D065983}"
EndProject
Global
	GlobalSection(SolutionConfigurationPlatforms) = preSolution
		Debug|Any CPU = Debug|Any CPU
		Release|Any CPU = Release|Any CPU
	EndGlobalSection
	GlobalSection(ProjectConfigurationPlatforms) = postSolution
		{564118F2-1371-4AE2-8DC2-3E329F3B93F9}.Debug|Any CPU.ActiveCfg = Debug|Any CPU
		{564118F2-1371-4AE2-8DC2-3E329F3B93F9}.Debug|Any CPU.Build.0 = Debug|Any CPU
		{564118F2-1371-4AE2-8DC2-3E329F3B93F9}.Release|Any CPU.ActiveCfg = Release|Any CPU
		{564118F2-1371-4AE2-8DC2-3E329F3B93F9}.Release|Any CPU.Build.0 = Release|Any CPU
		{F9AF2882-5445-400C-BE68-401C8D065983}.Debug|Any CPU.ActiveCfg = Debug|Any CPU
		{F9AF2882-5445-400C-BE68-401C8D065983}.Debug|Any CPU.Build.0 = Debug|Any CPU
		{F9AF2882-5445-400C-BE68-401C8D065983}.Release|Any CPU.ActiveCfg = Release|Any CPU
		{F9AF2882-5445-400C-BE68-401C8D065983}.Release|Any CPU.Build.0 = Release|Any CPU
	EndGlobalSection
	GlobalSection(SolutionProperties) = preSolution
		HideSolutionNode = FALSE
	EndGlobalSection
	GlobalSection(ExtensibilityGlobals) = postSolution
		SolutionGuid = {872AD66B-603E-4781-B05E-219C88DB02AF}
	EndGlobalSection
EndGlobal
